
Microsoft Visual Studio Solution File, Format Version 12.00
# Visual Studio 15
VisualStudioVersion = 15.0.28010.2026
MinimumVisualStudioVersion = 10.0.40219.1
Project("{FAE04EC0-301F-11D3-BF4B-00C04F79EFBC}") = "ConsoleApp1", "ConsoleApp1\ConsoleApp1.csproj", "{AF1F8626-A4C7-46CD-B50D-833018D11862}"
EndProject
Global
	GlobalSection(SolutionConfigurationPlatforms) = preSolution
		Debug|Any CPU = Debug|Any CPU
		Release|Any CPU = Release|Any CPU
	EndGlobalSection
	GlobalSection(ProjectConfigurationPlatforms) = postSolution
		{AF1F8626-A4C7-46CD-B50D-833018D11862}.Debug|Any CPU.ActiveCfg = Debug|Any CPU
		{AF1F8626-A4C7-46CD-B50D-833018D11862}.Debug|Any CPU.Build.0 = Debug|Any CPU
		{AF1F8626-A4C7-46CD-B50D-833018D11862}.Release|Any CPU.ActiveCfg = Release|Any CPU
		{AF1F8626-A4C7-46CD-B50D-833018D11862}.Release|Any CPU.Build.0 = Release|Any CPU
	EndGlobalSection
	GlobalSection(SolutionProperties) = preSolution
		HideSolutionNode = FALSE
	EndGlobalSection
	GlobalSection(ExtensibilityGlobals) = postSolution
		SolutionGuid = {BCD96F91-722D-49A3-A5CD-FE08BB3003E2}
	EndGlobalSection
EndGlobal
