
Microsoft Visual Studio Solution File, Format Version 12.00
# Visual Studio 15
VisualStudioVersion = 15.0.28010.2026
MinimumVisualStudioVersion = 10.0.40219.1
Project("{FAE04EC0-301F-11D3-BF4B-00C04F79EFBC}") = "2_iteracja_for", "2_iteracja_for\2_iteracja_for.csproj", "{18043110-DC18-4296-869B-E951AA4E318E}"
EndProject
Global
	GlobalSection(SolutionConfigurationPlatforms) = preSolution
		Debug|Any CPU = Debug|Any CPU
		Release|Any CPU = Release|Any CPU
	EndGlobalSection
	GlobalSection(ProjectConfigurationPlatforms) = postSolution
		{18043110-DC18-4296-869B-E951AA4E318E}.Debug|Any CPU.ActiveCfg = Debug|Any CPU
		{18043110-DC18-4296-869B-E951AA4E318E}.Debug|Any CPU.Build.0 = Debug|Any CPU
		{18043110-DC18-4296-869B-E951AA4E318E}.Release|Any CPU.ActiveCfg = Release|Any CPU
		{18043110-DC18-4296-869B-E951AA4E318E}.Release|Any CPU.Build.0 = Release|Any CPU
	EndGlobalSection
	GlobalSection(SolutionProperties) = preSolution
		HideSolutionNode = FALSE
	EndGlobalSection
	GlobalSection(ExtensibilityGlobals) = postSolution
		SolutionGuid = {4F2C1F77-806A-4734-B3FB-B5792F4777FF}
	EndGlobalSection
EndGlobal
