
Microsoft Visual Studio Solution File, Format Version 12.00
# Visual Studio Version 16
VisualStudioVersion = 16.0.29403.142
MinimumVisualStudioVersion = 10.0.40219.1
Project("{FAE04EC0-301F-11D3-BF4B-00C04F79EFBC}") = "wyjatki2", "wyjatki2\wyjatki2.csproj", "{CA9F1ADE-C5BB-4357-860B-BA3F6B729518}"
EndProject
Global
	GlobalSection(SolutionConfigurationPlatforms) = preSolution
		Debug|Any CPU = Debug|Any CPU
		Release|Any CPU = Release|Any CPU
	EndGlobalSection
	GlobalSection(ProjectConfigurationPlatforms) = postSolution
		{CA9F1ADE-C5BB-4357-860B-BA3F6B729518}.Debug|Any CPU.ActiveCfg = Debug|Any CPU
		{CA9F1ADE-C5BB-4357-860B-BA3F6B729518}.Debug|Any CPU.Build.0 = Debug|Any CPU
		{CA9F1ADE-C5BB-4357-860B-BA3F6B729518}.Release|Any CPU.ActiveCfg = Release|Any CPU
		{CA9F1ADE-C5BB-4357-860B-BA3F6B729518}.Release|Any CPU.Build.0 = Release|Any CPU
	EndGlobalSection
	GlobalSection(SolutionProperties) = preSolution
		HideSolutionNode = FALSE
	EndGlobalSection
	GlobalSection(ExtensibilityGlobals) = postSolution
		SolutionGuid = {CC5EB5AF-FDB2-4382-8CC3-D4EBEB12C9EE}
	EndGlobalSection
EndGlobal
