
Microsoft Visual Studio Solution File, Format Version 12.00
# Visual Studio Version 16
VisualStudioVersion = 16.0.29403.142
MinimumVisualStudioVersion = 10.0.40219.1
Project("{FAE04EC0-301F-11D3-BF4B-00C04F79EFBC}") = "pliki_1", "pliki_1\pliki_1.csproj", "{572CA9F1-61D1-47FB-AAA9-5301E481B2A5}"
EndProject
Global
	GlobalSection(SolutionConfigurationPlatforms) = preSolution
		Debug|Any CPU = Debug|Any CPU
		Release|Any CPU = Release|Any CPU
	EndGlobalSection
	GlobalSection(ProjectConfigurationPlatforms) = postSolution
		{572CA9F1-61D1-47FB-AAA9-5301E481B2A5}.Debug|Any CPU.ActiveCfg = Debug|Any CPU
		{572CA9F1-61D1-47FB-AAA9-5301E481B2A5}.Debug|Any CPU.Build.0 = Debug|Any CPU
		{572CA9F1-61D1-47FB-AAA9-5301E481B2A5}.Release|Any CPU.ActiveCfg = Release|Any CPU
		{572CA9F1-61D1-47FB-AAA9-5301E481B2A5}.Release|Any CPU.Build.0 = Release|Any CPU
	EndGlobalSection
	GlobalSection(SolutionProperties) = preSolution
		HideSolutionNode = FALSE
	EndGlobalSection
	GlobalSection(ExtensibilityGlobals) = postSolution
		SolutionGuid = {4C5BBD44-C80F-43F7-A3E8-751CFD4BCCE9}
	EndGlobalSection
EndGlobal
