
Microsoft Visual Studio Solution File, Format Version 12.00
# Visual Studio 15
VisualStudioVersion = 15.0.28010.2026
MinimumVisualStudioVersion = 10.0.40219.1
Project("{FAE04EC0-301F-11D3-BF4B-00C04F79EFBC}") = "2_switch", "2_switch\2_switch.csproj", "{716DDA07-748A-4011-8BD5-AB8A168F105F}"
EndProject
Global
	GlobalSection(SolutionConfigurationPlatforms) = preSolution
		Debug|Any CPU = Debug|Any CPU
		Release|Any CPU = Release|Any CPU
	EndGlobalSection
	GlobalSection(ProjectConfigurationPlatforms) = postSolution
		{716DDA07-748A-4011-8BD5-AB8A168F105F}.Debug|Any CPU.ActiveCfg = Debug|Any CPU
		{716DDA07-748A-4011-8BD5-AB8A168F105F}.Debug|Any CPU.Build.0 = Debug|Any CPU
		{716DDA07-748A-4011-8BD5-AB8A168F105F}.Release|Any CPU.ActiveCfg = Release|Any CPU
		{716DDA07-748A-4011-8BD5-AB8A168F105F}.Release|Any CPU.Build.0 = Release|Any CPU
	EndGlobalSection
	GlobalSection(SolutionProperties) = preSolution
		HideSolutionNode = FALSE
	EndGlobalSection
	GlobalSection(ExtensibilityGlobals) = postSolution
		SolutionGuid = {73F52A3A-EC31-41AF-B172-DF1673926D21}
	EndGlobalSection
EndGlobal
