
Microsoft Visual Studio Solution File, Format Version 12.00
# Visual Studio Version 16
VisualStudioVersion = 16.0.29403.142
MinimumVisualStudioVersion = 10.0.40219.1
Project("{FAE04EC0-301F-11D3-BF4B-00C04F79EFBC}") = "ConsoleApp2", "ConsoleApp2\ConsoleApp2.csproj", "{01748FC1-2DC8-41BF-B67F-1A8FE59B52F5}"
EndProject
Global
	GlobalSection(SolutionConfigurationPlatforms) = preSolution
		Debug|Any CPU = Debug|Any CPU
		Release|Any CPU = Release|Any CPU
	EndGlobalSection
	GlobalSection(ProjectConfigurationPlatforms) = postSolution
		{01748FC1-2DC8-41BF-B67F-1A8FE59B52F5}.Debug|Any CPU.ActiveCfg = Debug|Any CPU
		{01748FC1-2DC8-41BF-B67F-1A8FE59B52F5}.Debug|Any CPU.Build.0 = Debug|Any CPU
		{01748FC1-2DC8-41BF-B67F-1A8FE59B52F5}.Release|Any CPU.ActiveCfg = Release|Any CPU
		{01748FC1-2DC8-41BF-B67F-1A8FE59B52F5}.Release|Any CPU.Build.0 = Release|Any CPU
	EndGlobalSection
	GlobalSection(SolutionProperties) = preSolution
		HideSolutionNode = FALSE
	EndGlobalSection
	GlobalSection(ExtensibilityGlobals) = postSolution
		SolutionGuid = {07885B19-90BA-470C-BBB2-57D5C7EF8671}
	EndGlobalSection
EndGlobal
