
Microsoft Visual Studio Solution File, Format Version 12.00
# Visual Studio Version 16
VisualStudioVersion = 16.0.29403.142
MinimumVisualStudioVersion = 10.0.40219.1
Project("{FAE04EC0-301F-11D3-BF4B-00C04F79EFBC}") = "wskazniki_3", "wskazniki_3\wskazniki_3.csproj", "{26E783CD-7477-47C7-865F-112DC66FD41B}"
EndProject
Global
	GlobalSection(SolutionConfigurationPlatforms) = preSolution
		Debug|Any CPU = Debug|Any CPU
		Release|Any CPU = Release|Any CPU
	EndGlobalSection
	GlobalSection(ProjectConfigurationPlatforms) = postSolution
		{26E783CD-7477-47C7-865F-112DC66FD41B}.Debug|Any CPU.ActiveCfg = Debug|Any CPU
		{26E783CD-7477-47C7-865F-112DC66FD41B}.Debug|Any CPU.Build.0 = Debug|Any CPU
		{26E783CD-7477-47C7-865F-112DC66FD41B}.Release|Any CPU.ActiveCfg = Release|Any CPU
		{26E783CD-7477-47C7-865F-112DC66FD41B}.Release|Any CPU.Build.0 = Release|Any CPU
	EndGlobalSection
	GlobalSection(SolutionProperties) = preSolution
		HideSolutionNode = FALSE
	EndGlobalSection
	GlobalSection(ExtensibilityGlobals) = postSolution
		SolutionGuid = {C7352488-45A9-432F-A974-F39159931EE9}
	EndGlobalSection
EndGlobal
