
Microsoft Visual Studio Solution File, Format Version 12.00
# Visual Studio Version 16
VisualStudioVersion = 16.0.29403.142
MinimumVisualStudioVersion = 10.0.40219.1
Project("{FAE04EC0-301F-11D3-BF4B-00C04F79EFBC}") = "funkcje1", "funkcje1\funkcje1.csproj", "{7EC1162F-3025-4B8F-840F-F53162ADE5D5}"
EndProject
Global
	GlobalSection(SolutionConfigurationPlatforms) = preSolution
		Debug|Any CPU = Debug|Any CPU
		Release|Any CPU = Release|Any CPU
	EndGlobalSection
	GlobalSection(ProjectConfigurationPlatforms) = postSolution
		{7EC1162F-3025-4B8F-840F-F53162ADE5D5}.Debug|Any CPU.ActiveCfg = Debug|Any CPU
		{7EC1162F-3025-4B8F-840F-F53162ADE5D5}.Debug|Any CPU.Build.0 = Debug|Any CPU
		{7EC1162F-3025-4B8F-840F-F53162ADE5D5}.Release|Any CPU.ActiveCfg = Release|Any CPU
		{7EC1162F-3025-4B8F-840F-F53162ADE5D5}.Release|Any CPU.Build.0 = Release|Any CPU
	EndGlobalSection
	GlobalSection(SolutionProperties) = preSolution
		HideSolutionNode = FALSE
	EndGlobalSection
	GlobalSection(ExtensibilityGlobals) = postSolution
		SolutionGuid = {BA352996-EDEB-44CF-9B35-E56750092F70}
	EndGlobalSection
EndGlobal
